
Microsoft Visual Studio Solution File, Format Version 12.00
# Visual Studio Version 17
VisualStudioVersion = 17.6.33815.320
MinimumVisualStudioVersion = 10.0.40219.1
Project("{FAE04EC0-301F-11D3-BF4B-00C04F79EFBC}") = "FlyEase[ApiRest]", "FlyEase[ApiRest]\FlyEase[ApiRest].csproj", "{50370FEF-37EA-4A52-82D6-59EDE6D3F33C}"
EndProject
Global
	GlobalSection(SolutionConfigurationPlatforms) = preSolution
		Debug|Any CPU = Debug|Any CPU
		Release|Any CPU = Release|Any CPU
	EndGlobalSection
	GlobalSection(ProjectConfigurationPlatforms) = postSolution
		{50370FEF-37EA-4A52-82D6-59EDE6D3F33C}.Debug|Any CPU.ActiveCfg = Debug|Any CPU
		{50370FEF-37EA-4A52-82D6-59EDE6D3F33C}.Debug|Any CPU.Build.0 = Debug|Any CPU
		{50370FEF-37EA-4A52-82D6-59EDE6D3F33C}.Release|Any CPU.ActiveCfg = Release|Any CPU
		{50370FEF-37EA-4A52-82D6-59EDE6D3F33C}.Release|Any CPU.Build.0 = Release|Any CPU
	EndGlobalSection
	GlobalSection(SolutionProperties) = preSolution
		HideSolutionNode = FALSE
	EndGlobalSection
	GlobalSection(ExtensibilityGlobals) = postSolution
		SolutionGuid = {80D54F7C-A0FA-4B1D-866D-67133CA12F89}
	EndGlobalSection
EndGlobal
